# THIS IS AN AUTOGENERATED FILE. DO NOT EDIT THIS FILE DIRECTLY.
# yarn lockfile v1


"@figma/plugin-typings@^1.82.0":
  version "1.110.0"
  resolved "https://registry.yarnpkg.com/@figma/plugin-typings/-/plugin-typings-1.110.0.tgz#68dcf0692af41e631499e1cfdb41499cf47e0249"
  integrity sha512-n1fZKjt2zApCVqxdJs+JCdpmLX2hDvhgoGbuXeAh7xt+IkSj21gB9vhV5KW+O5sDyPnt3H7doTDO47Oy9CRkQg==

typescript@^5.3.3:
  version "5.8.3"
  resolved "https://registry.yarnpkg.com/typescript/-/typescript-5.8.3.tgz#92f8a3e5e3cf497356f4178c34cd65a7f5e8440e"
  integrity sha512-p1diW6TqL9L07nNxvRMM7hMMw4c5XOo/1ibL4aAIGmSAt9slTE1Xgw5KWuof2uTOvCg9BY7ZRi+GaF+7sfgPeQ==
